
Microsoft Visual Studio Solution File, Format Version 12.00
# Visual Studio 15
VisualStudioVersion = 15.0.28010.2046
MinimumVisualStudioVersion = 10.0.40219.1
Project("{9A19103F-16F7-4668-BE54-9A1E7A4F7556}") = "ToolGood.SqlOnline", "ToolGood.SqlOnline\ToolGood.SqlOnline.csproj", "{126A3D4A-57BD-4C07-9757-0783A1B456F9}"
EndProject
Project("{2150E333-8FDC-42A3-9474-1A3956D46DE8}") = "01_页面展示", "01_页面展示", "{B346DAE8-4BEE-4D28-8E7D-D8D2DC15B38D}"
EndProject
Project("{2150E333-8FDC-42A3-9474-1A3956D46DE8}") = "02_用户应用", "02_用户应用", "{70DE8BFD-3218-40D2-8348-B4A8CC87544C}"
EndProject
Project("{2150E333-8FDC-42A3-9474-1A3956D46DE8}") = "03_数据服务", "03_数据服务", "{F6753CD1-0BB7-496F-A3CC-478EDE478F1C}"
EndProject
Project("{2150E333-8FDC-42A3-9474-1A3956D46DE8}") = "04_数据信息", "04_数据信息", "{EC25FD2A-17A3-4AEE-A80D-8ABA9E882FFE}"
EndProject
Project("{2150E333-8FDC-42A3-9474-1A3956D46DE8}") = "05_基础设施和常量", "05_基础设施和常量", "{F788730B-6030-4BB2-A159-53ED3E3DB6FB}"
EndProject
Project("{9A19103F-16F7-4668-BE54-9A1E7A4F7556}") = "ToolGood.Application", "ToolGood.Application\ToolGood.Application.csproj", "{4F36A338-7FE7-4C22-9A6C-01F183BC68F5}"
EndProject
Project("{9A19103F-16F7-4668-BE54-9A1E7A4F7556}") = "ToolGood.ApplicationCommon", "ToolGood.ApplicationCommon\ToolGood.ApplicationCommon.csproj", "{4787BFC3-4024-4A54-9DF9-FDF63785B32F}"
EndProject
Project("{9A19103F-16F7-4668-BE54-9A1E7A4F7556}") = "ToolGood.DomainService", "ToolGood.DomainService\ToolGood.DomainService.csproj", "{9C4CC87F-E355-4382-A1D0-493D6C2D862A}"
EndProject
Project("{9A19103F-16F7-4668-BE54-9A1E7A4F7556}") = "ToolGood.Repository", "ToolGood.Repository\ToolGood.Repository.csproj", "{4EA5528F-9817-4495-A719-8A62BE0F8944}"
EndProject
Project("{9A19103F-16F7-4668-BE54-9A1E7A4F7556}") = "ToolGood.Constant", "ToolGood.Constant\ToolGood.Constant.csproj", "{44760B0F-EAF9-4151-BC06-96B48083D878}"
EndProject
Project("{9A19103F-16F7-4668-BE54-9A1E7A4F7556}") = "ToolGood.Datas", "ToolGood.Datas\ToolGood.Datas.csproj", "{7CDF1F3B-3B50-42D0-A83D-2D413E0E6E42}"
EndProject
Project("{9A19103F-16F7-4668-BE54-9A1E7A4F7556}") = "ToolGood.TransDto", "ToolGood.TransDto\ToolGood.TransDto.csproj", "{BFEBC678-5C15-43C1-ABC0-347C778CBCD5}"
EndProject
Project("{9A19103F-16F7-4668-BE54-9A1E7A4F7556}") = "ToolGood.Infrastructure", "ToolGood.Infrastructure\ToolGood.Infrastructure.csproj", "{3E9C7F3B-E4A7-4571-A98C-CBFEAAE3C97A}"
EndProject
Project("{9A19103F-16F7-4668-BE54-9A1E7A4F7556}") = "ToolGood.PluginBase", "ToolGood.PluginBase\ToolGood.PluginBase.csproj", "{82EED2F5-75A1-42A7-BCE8-8453AFDAEEAF}"
EndProject
Project("{2150E333-8FDC-42A3-9474-1A3956D46DE8}") = "06_工具-生成数据库", "06_工具-生成数据库", "{9F69F5EC-F375-4C4B-8AE3-B42AC76BBFFA}"
EndProject
Project("{9A19103F-16F7-4668-BE54-9A1E7A4F7556}") = "ToolGood.DatabaseCreate", "ToolGood.DatabaseCreate\ToolGood.DatabaseCreate.csproj", "{F010B9AE-0695-4FE3-9404-057E356245EE}"
EndProject
Project("{9A19103F-16F7-4668-BE54-9A1E7A4F7556}") = "ToolGood.Plugin.Mysql", "ToolGood.Plugin.Mysql\ToolGood.Plugin.Mysql.csproj", "{CCE10375-8829-4AD4-A0AD-1EB35F274BEE}"
EndProject
Project("{9A19103F-16F7-4668-BE54-9A1E7A4F7556}") = "ToolGood.Plugin.Mssql", "ToolGood.Plugin.Mssql\ToolGood.Plugin.Mssql.csproj", "{D72540F5-8296-4595-BBE8-CF8BC956676D}"
EndProject
Project("{2150E333-8FDC-42A3-9474-1A3956D46DE8}") = "ToolGood.Plugin", "ToolGood.Plugin", "{2BB48894-196C-4C8F-9A32-0A9FE5DA6D4E}"
EndProject
Global
	GlobalSection(SolutionConfigurationPlatforms) = preSolution
		Debug|Any CPU = Debug|Any CPU
		Release|Any CPU = Release|Any CPU
	EndGlobalSection
	GlobalSection(ProjectConfigurationPlatforms) = postSolution
		{126A3D4A-57BD-4C07-9757-0783A1B456F9}.Debug|Any CPU.ActiveCfg = Debug|Any CPU
		{126A3D4A-57BD-4C07-9757-0783A1B456F9}.Debug|Any CPU.Build.0 = Debug|Any CPU
		{126A3D4A-57BD-4C07-9757-0783A1B456F9}.Release|Any CPU.ActiveCfg = Release|Any CPU
		{126A3D4A-57BD-4C07-9757-0783A1B456F9}.Release|Any CPU.Build.0 = Release|Any CPU
		{4F36A338-7FE7-4C22-9A6C-01F183BC68F5}.Debug|Any CPU.ActiveCfg = Debug|Any CPU
		{4F36A338-7FE7-4C22-9A6C-01F183BC68F5}.Debug|Any CPU.Build.0 = Debug|Any CPU
		{4F36A338-7FE7-4C22-9A6C-01F183BC68F5}.Release|Any CPU.ActiveCfg = Release|Any CPU
		{4F36A338-7FE7-4C22-9A6C-01F183BC68F5}.Release|Any CPU.Build.0 = Release|Any CPU
		{4787BFC3-4024-4A54-9DF9-FDF63785B32F}.Debug|Any CPU.ActiveCfg = Debug|Any CPU
		{4787BFC3-4024-4A54-9DF9-FDF63785B32F}.Debug|Any CPU.Build.0 = Debug|Any CPU
		{4787BFC3-4024-4A54-9DF9-FDF63785B32F}.Release|Any CPU.ActiveCfg = Release|Any CPU
		{4787BFC3-4024-4A54-9DF9-FDF63785B32F}.Release|Any CPU.Build.0 = Release|Any CPU
		{9C4CC87F-E355-4382-A1D0-493D6C2D862A}.Debug|Any CPU.ActiveCfg = Debug|Any CPU
		{9C4CC87F-E355-4382-A1D0-493D6C2D862A}.Debug|Any CPU.Build.0 = Debug|Any CPU
		{9C4CC87F-E355-4382-A1D0-493D6C2D862A}.Release|Any CPU.ActiveCfg = Release|Any CPU
		{9C4CC87F-E355-4382-A1D0-493D6C2D862A}.Release|Any CPU.Build.0 = Release|Any CPU
		{4EA5528F-9817-4495-A719-8A62BE0F8944}.Debug|Any CPU.ActiveCfg = Debug|Any CPU
		{4EA5528F-9817-4495-A719-8A62BE0F8944}.Debug|Any CPU.Build.0 = Debug|Any CPU
		{4EA5528F-9817-4495-A719-8A62BE0F8944}.Release|Any CPU.ActiveCfg = Release|Any CPU
		{4EA5528F-9817-4495-A719-8A62BE0F8944}.Release|Any CPU.Build.0 = Release|Any CPU
		{44760B0F-EAF9-4151-BC06-96B48083D878}.Debug|Any CPU.ActiveCfg = Debug|Any CPU
		{44760B0F-EAF9-4151-BC06-96B48083D878}.Debug|Any CPU.Build.0 = Debug|Any CPU
		{44760B0F-EAF9-4151-BC06-96B48083D878}.Release|Any CPU.ActiveCfg = Release|Any CPU
		{44760B0F-EAF9-4151-BC06-96B48083D878}.Release|Any CPU.Build.0 = Release|Any CPU
		{7CDF1F3B-3B50-42D0-A83D-2D413E0E6E42}.Debug|Any CPU.ActiveCfg = Debug|Any CPU
		{7CDF1F3B-3B50-42D0-A83D-2D413E0E6E42}.Debug|Any CPU.Build.0 = Debug|Any CPU
		{7CDF1F3B-3B50-42D0-A83D-2D413E0E6E42}.Release|Any CPU.ActiveCfg = Release|Any CPU
		{7CDF1F3B-3B50-42D0-A83D-2D413E0E6E42}.Release|Any CPU.Build.0 = Release|Any CPU
		{BFEBC678-5C15-43C1-ABC0-347C778CBCD5}.Debug|Any CPU.ActiveCfg = Debug|Any CPU
		{BFEBC678-5C15-43C1-ABC0-347C778CBCD5}.Debug|Any CPU.Build.0 = Debug|Any CPU
		{BFEBC678-5C15-43C1-ABC0-347C778CBCD5}.Release|Any CPU.ActiveCfg = Release|Any CPU
		{BFEBC678-5C15-43C1-ABC0-347C778CBCD5}.Release|Any CPU.Build.0 = Release|Any CPU
		{3E9C7F3B-E4A7-4571-A98C-CBFEAAE3C97A}.Debug|Any CPU.ActiveCfg = Debug|Any CPU
		{3E9C7F3B-E4A7-4571-A98C-CBFEAAE3C97A}.Debug|Any CPU.Build.0 = Debug|Any CPU
		{3E9C7F3B-E4A7-4571-A98C-CBFEAAE3C97A}.Release|Any CPU.ActiveCfg = Release|Any CPU
		{3E9C7F3B-E4A7-4571-A98C-CBFEAAE3C97A}.Release|Any CPU.Build.0 = Release|Any CPU
		{82EED2F5-75A1-42A7-BCE8-8453AFDAEEAF}.Debug|Any CPU.ActiveCfg = Debug|Any CPU
		{82EED2F5-75A1-42A7-BCE8-8453AFDAEEAF}.Debug|Any CPU.Build.0 = Debug|Any CPU
		{82EED2F5-75A1-42A7-BCE8-8453AFDAEEAF}.Release|Any CPU.ActiveCfg = Release|Any CPU
		{82EED2F5-75A1-42A7-BCE8-8453AFDAEEAF}.Release|Any CPU.Build.0 = Release|Any CPU
		{F010B9AE-0695-4FE3-9404-057E356245EE}.Debug|Any CPU.ActiveCfg = Debug|Any CPU
		{F010B9AE-0695-4FE3-9404-057E356245EE}.Debug|Any CPU.Build.0 = Debug|Any CPU
		{F010B9AE-0695-4FE3-9404-057E356245EE}.Release|Any CPU.ActiveCfg = Release|Any CPU
		{F010B9AE-0695-4FE3-9404-057E356245EE}.Release|Any CPU.Build.0 = Release|Any CPU
		{CCE10375-8829-4AD4-A0AD-1EB35F274BEE}.Debug|Any CPU.ActiveCfg = Debug|Any CPU
		{CCE10375-8829-4AD4-A0AD-1EB35F274BEE}.Debug|Any CPU.Build.0 = Debug|Any CPU
		{CCE10375-8829-4AD4-A0AD-1EB35F274BEE}.Release|Any CPU.ActiveCfg = Release|Any CPU
		{CCE10375-8829-4AD4-A0AD-1EB35F274BEE}.Release|Any CPU.Build.0 = Release|Any CPU
		{D72540F5-8296-4595-BBE8-CF8BC956676D}.Debug|Any CPU.ActiveCfg = Debug|Any CPU
		{D72540F5-8296-4595-BBE8-CF8BC956676D}.Debug|Any CPU.Build.0 = Debug|Any CPU
		{D72540F5-8296-4595-BBE8-CF8BC956676D}.Release|Any CPU.ActiveCfg = Release|Any CPU
		{D72540F5-8296-4595-BBE8-CF8BC956676D}.Release|Any CPU.Build.0 = Release|Any CPU
	EndGlobalSection
	GlobalSection(SolutionProperties) = preSolution
		HideSolutionNode = FALSE
	EndGlobalSection
	GlobalSection(NestedProjects) = preSolution
		{126A3D4A-57BD-4C07-9757-0783A1B456F9} = {B346DAE8-4BEE-4D28-8E7D-D8D2DC15B38D}
		{4F36A338-7FE7-4C22-9A6C-01F183BC68F5} = {70DE8BFD-3218-40D2-8348-B4A8CC87544C}
		{4787BFC3-4024-4A54-9DF9-FDF63785B32F} = {70DE8BFD-3218-40D2-8348-B4A8CC87544C}
		{9C4CC87F-E355-4382-A1D0-493D6C2D862A} = {70DE8BFD-3218-40D2-8348-B4A8CC87544C}
		{4EA5528F-9817-4495-A719-8A62BE0F8944} = {F6753CD1-0BB7-496F-A3CC-478EDE478F1C}
		{44760B0F-EAF9-4151-BC06-96B48083D878} = {F788730B-6030-4BB2-A159-53ED3E3DB6FB}
		{7CDF1F3B-3B50-42D0-A83D-2D413E0E6E42} = {EC25FD2A-17A3-4AEE-A80D-8ABA9E882FFE}
		{BFEBC678-5C15-43C1-ABC0-347C778CBCD5} = {EC25FD2A-17A3-4AEE-A80D-8ABA9E882FFE}
		{3E9C7F3B-E4A7-4571-A98C-CBFEAAE3C97A} = {F788730B-6030-4BB2-A159-53ED3E3DB6FB}
		{82EED2F5-75A1-42A7-BCE8-8453AFDAEEAF} = {F788730B-6030-4BB2-A159-53ED3E3DB6FB}
		{F010B9AE-0695-4FE3-9404-057E356245EE} = {9F69F5EC-F375-4C4B-8AE3-B42AC76BBFFA}
		{CCE10375-8829-4AD4-A0AD-1EB35F274BEE} = {2BB48894-196C-4C8F-9A32-0A9FE5DA6D4E}
		{D72540F5-8296-4595-BBE8-CF8BC956676D} = {2BB48894-196C-4C8F-9A32-0A9FE5DA6D4E}
		{2BB48894-196C-4C8F-9A32-0A9FE5DA6D4E} = {70DE8BFD-3218-40D2-8348-B4A8CC87544C}
	EndGlobalSection
	GlobalSection(ExtensibilityGlobals) = postSolution
		SolutionGuid = {76646FB5-EF5E-48EF-BEF6-BAA2BA63C528}
	EndGlobalSection
EndGlobal
