
Microsoft Visual Studio Solution File, Format Version 12.00
# Visual Studio Version 16
VisualStudioVersion = 16.0.31624.102
MinimumVisualStudioVersion = 10.0.40219.1
Project("{FAE04EC0-301F-11D3-BF4B-00C04F79EFBC}") = "ToolGood.SqlOnline.Browser", "ToolGood.SqlOnline.Browser\ToolGood.SqlOnline.Browser.csproj", "{1B981C7A-33DD-4B26-836B-D8AA0A8A6B44}"
EndProject
Global
	GlobalSection(SolutionConfigurationPlatforms) = preSolution
		Debug|Any CPU = Debug|Any CPU
		Release|Any CPU = Release|Any CPU
	EndGlobalSection
	GlobalSection(ProjectConfigurationPlatforms) = postSolution
		{1B981C7A-33DD-4B26-836B-D8AA0A8A6B44}.Debug|Any CPU.ActiveCfg = Debug|Any CPU
		{1B981C7A-33DD-4B26-836B-D8AA0A8A6B44}.Debug|Any CPU.Build.0 = Debug|Any CPU
		{1B981C7A-33DD-4B26-836B-D8AA0A8A6B44}.Release|Any CPU.ActiveCfg = Release|Any CPU
		{1B981C7A-33DD-4B26-836B-D8AA0A8A6B44}.Release|Any CPU.Build.0 = Release|Any CPU
	EndGlobalSection
	GlobalSection(SolutionProperties) = preSolution
		HideSolutionNode = FALSE
	EndGlobalSection
	GlobalSection(ExtensibilityGlobals) = postSolution
		SolutionGuid = {B770581A-6573-46F9-BA74-AB3F6898DAC1}
	EndGlobalSection
EndGlobal
