
Microsoft Visual Studio Solution File, Format Version 12.00
# Visual Studio Version 16
VisualStudioVersion = 16.0.31624.102
MinimumVisualStudioVersion = 10.0.40219.1
Project("{9A19103F-16F7-4668-BE54-9A1E7A4F7556}") = "ToolGood.SqlOnline", "ToolGood.SqlOnline\ToolGood.SqlOnline.csproj", "{221B7134-8EAF-4ABD-AD48-C4A802BE1163}"
EndProject
Project("{2150E333-8FDC-42A3-9474-1A3956D46DE8}") = "_base", "_base", "{04090F6E-F492-4923-9A5C-661ED9A087F1}"
EndProject
Project("{2150E333-8FDC-42A3-9474-1A3956D46DE8}") = "01、Application", "01、Application", "{63C5D570-3FC6-4C6D-8199-58A7B83643B4}"
EndProject
Project("{2150E333-8FDC-42A3-9474-1A3956D46DE8}") = "02、Datas", "02、Datas", "{F0F18071-52F7-47AE-8FFA-935AC8B078A5}"
EndProject
Project("{2150E333-8FDC-42A3-9474-1A3956D46DE8}") = "03、配置信息", "03、配置信息", "{402B3EA8-1924-4688-8036-F8C97EF156F7}"
EndProject
Project("{2150E333-8FDC-42A3-9474-1A3956D46DE8}") = "04、基础类", "04、基础类", "{1DCE0288-9F5F-4BBD-BF28-EB8E5C5066C7}"
EndProject
Project("{2150E333-8FDC-42A3-9474-1A3956D46DE8}") = "99、Build", "99、Build", "{2B5C67E3-CA79-4437-BAEC-98FFCEA8CE5F}"
EndProject
Project("{9A19103F-16F7-4668-BE54-9A1E7A4F7556}") = "ToolGood.DataCreate", "ToolGood.DataCreate\ToolGood.DataCreate.csproj", "{0B3E9A78-FF7C-49DD-9616-5CB8ACBE83E3}"
EndProject
Project("{9A19103F-16F7-4668-BE54-9A1E7A4F7556}") = "ToolGood.SqlOnline.Configs", "ToolGood.SqlOnline.Configs\ToolGood.SqlOnline.Configs.csproj", "{7D2C8E2D-A619-441E-8D44-188B5F965C8C}"
EndProject
Project("{9A19103F-16F7-4668-BE54-9A1E7A4F7556}") = "ToolGood.SqlOnline.Datas", "ToolGood.SqlOnline.Datas\ToolGood.SqlOnline.Datas.csproj", "{0B26B5E4-CE4D-496E-9923-C28635A1349D}"
EndProject
Project("{9A19103F-16F7-4668-BE54-9A1E7A4F7556}") = "ToolGood.SqlOnline.Application", "ToolGood.SqlOnline.Application\ToolGood.SqlOnline.Application.csproj", "{E50C3016-7E7F-45F5-A4A1-52B247AC12DF}"
EndProject
Project("{9A19103F-16F7-4668-BE54-9A1E7A4F7556}") = "ToolGood.WebCommon", "ToolGood.WebCommon\ToolGood.WebCommon.csproj", "{6B61088B-F421-4E4B-A5E5-9B2161053BC8}"
EndProject
Project("{9A19103F-16F7-4668-BE54-9A1E7A4F7556}") = "ToolGood.Common", "ToolGood.Common\ToolGood.Common.csproj", "{CFD9CD45-82ED-4620-A346-BB5B89DC9755}"
EndProject
Project("{9A19103F-16F7-4668-BE54-9A1E7A4F7556}") = "ToolGood.SqlOnline.Datas.Databases", "ToolGood.SqlOnline.Datas.Databases\ToolGood.SqlOnline.Datas.Databases.csproj", "{74C5C066-D373-4B6B-B8A7-62A762F352AB}"
EndProject
Project("{9A19103F-16F7-4668-BE54-9A1E7A4F7556}") = "ToolGood.SqlOnline.Dtos", "ToolGood.SqlOnline.Dtos\ToolGood.SqlOnline.Dtos.csproj", "{635550A3-8CFD-4BCF-A32B-31CCFF53B606}"
EndProject
Project("{9A19103F-16F7-4668-BE54-9A1E7A4F7556}") = "ToolGood.Attributes", "ToolGood.Attributes\ToolGood.Attributes.csproj", "{B191DC03-DB1E-49B7-843D-A1851E3BDBBA}"
EndProject
Project("{9A19103F-16F7-4668-BE54-9A1E7A4F7556}") = "ToolGood.SqlOnline.IPlugin", "ToolGood.SqlOnline.IPlugin\ToolGood.SqlOnline.IPlugin.csproj", "{F7236F3D-69D4-4D2A-A5C2-3BE6FC39858C}"
EndProject
Project("{2150E333-8FDC-42A3-9474-1A3956D46DE8}") = "05、数据库Plugin", "05、数据库Plugin", "{7CFACE0E-5F95-481B-8E99-F368390025EE}"
EndProject
Project("{9A19103F-16F7-4668-BE54-9A1E7A4F7556}") = "ToolGood.SqlOnline.Plugin.SqlServer", "ToolGood.SqlOnline.Plugin.SqlServer\ToolGood.SqlOnline.Plugin.SqlServer.csproj", "{35E7CE0A-8066-460A-8014-6462D3ADC347}"
EndProject
Project("{9A19103F-16F7-4668-BE54-9A1E7A4F7556}") = "ToolGood.SqlOnline.Plugin.Mysql", "ToolGood.SqlOnline.Plugin.Mysql\ToolGood.SqlOnline.Plugin.Mysql.csproj", "{4C0E9D1C-4344-4B94-81D7-4D4FE5FF833A}"
EndProject
Project("{9A19103F-16F7-4668-BE54-9A1E7A4F7556}") = "ToolGood.SqlOnline.Plugin.Sqlite", "ToolGood.SqlOnline.Plugin.Sqlite\ToolGood.SqlOnline.Plugin.Sqlite.csproj", "{0A315163-73E2-4071-916C-3680551E4231}"
EndProject
Project("{9A19103F-16F7-4668-BE54-9A1E7A4F7556}") = "ToolGood.SqlOnline.Plugin.PostgreSQL", "ToolGood.SqlOnline.Plugin.PostgreSQL\ToolGood.SqlOnline.Plugin.PostgreSQL.csproj", "{C511C5EF-C96A-4CAA-98B2-CAAFB5EEEF9D}"
EndProject
Project("{9A19103F-16F7-4668-BE54-9A1E7A4F7556}") = "ToolGood.SqlOnline.Plugin.Oracle", "ToolGood.SqlOnline.Plugin.Oracle\ToolGood.SqlOnline.Plugin.Oracle.csproj", "{3FA74260-79EC-46D2-9DAB-BC77D124E7B0}"
EndProject
Global
	GlobalSection(SolutionConfigurationPlatforms) = preSolution
		Debug|Any CPU = Debug|Any CPU
		Release|Any CPU = Release|Any CPU
	EndGlobalSection
	GlobalSection(ProjectConfigurationPlatforms) = postSolution
		{221B7134-8EAF-4ABD-AD48-C4A802BE1163}.Debug|Any CPU.ActiveCfg = Debug|Any CPU
		{221B7134-8EAF-4ABD-AD48-C4A802BE1163}.Debug|Any CPU.Build.0 = Debug|Any CPU
		{221B7134-8EAF-4ABD-AD48-C4A802BE1163}.Release|Any CPU.ActiveCfg = Release|Any CPU
		{221B7134-8EAF-4ABD-AD48-C4A802BE1163}.Release|Any CPU.Build.0 = Release|Any CPU
		{0B3E9A78-FF7C-49DD-9616-5CB8ACBE83E3}.Debug|Any CPU.ActiveCfg = Debug|Any CPU
		{0B3E9A78-FF7C-49DD-9616-5CB8ACBE83E3}.Debug|Any CPU.Build.0 = Debug|Any CPU
		{0B3E9A78-FF7C-49DD-9616-5CB8ACBE83E3}.Release|Any CPU.ActiveCfg = Release|Any CPU
		{0B3E9A78-FF7C-49DD-9616-5CB8ACBE83E3}.Release|Any CPU.Build.0 = Release|Any CPU
		{7D2C8E2D-A619-441E-8D44-188B5F965C8C}.Debug|Any CPU.ActiveCfg = Debug|Any CPU
		{7D2C8E2D-A619-441E-8D44-188B5F965C8C}.Debug|Any CPU.Build.0 = Debug|Any CPU
		{7D2C8E2D-A619-441E-8D44-188B5F965C8C}.Release|Any CPU.ActiveCfg = Release|Any CPU
		{7D2C8E2D-A619-441E-8D44-188B5F965C8C}.Release|Any CPU.Build.0 = Release|Any CPU
		{0B26B5E4-CE4D-496E-9923-C28635A1349D}.Debug|Any CPU.ActiveCfg = Debug|Any CPU
		{0B26B5E4-CE4D-496E-9923-C28635A1349D}.Debug|Any CPU.Build.0 = Debug|Any CPU
		{0B26B5E4-CE4D-496E-9923-C28635A1349D}.Release|Any CPU.ActiveCfg = Release|Any CPU
		{0B26B5E4-CE4D-496E-9923-C28635A1349D}.Release|Any CPU.Build.0 = Release|Any CPU
		{E50C3016-7E7F-45F5-A4A1-52B247AC12DF}.Debug|Any CPU.ActiveCfg = Debug|Any CPU
		{E50C3016-7E7F-45F5-A4A1-52B247AC12DF}.Debug|Any CPU.Build.0 = Debug|Any CPU
		{E50C3016-7E7F-45F5-A4A1-52B247AC12DF}.Release|Any CPU.ActiveCfg = Release|Any CPU
		{E50C3016-7E7F-45F5-A4A1-52B247AC12DF}.Release|Any CPU.Build.0 = Release|Any CPU
		{6B61088B-F421-4E4B-A5E5-9B2161053BC8}.Debug|Any CPU.ActiveCfg = Debug|Any CPU
		{6B61088B-F421-4E4B-A5E5-9B2161053BC8}.Debug|Any CPU.Build.0 = Debug|Any CPU
		{6B61088B-F421-4E4B-A5E5-9B2161053BC8}.Release|Any CPU.ActiveCfg = Release|Any CPU
		{6B61088B-F421-4E4B-A5E5-9B2161053BC8}.Release|Any CPU.Build.0 = Release|Any CPU
		{CFD9CD45-82ED-4620-A346-BB5B89DC9755}.Debug|Any CPU.ActiveCfg = Debug|Any CPU
		{CFD9CD45-82ED-4620-A346-BB5B89DC9755}.Debug|Any CPU.Build.0 = Debug|Any CPU
		{CFD9CD45-82ED-4620-A346-BB5B89DC9755}.Release|Any CPU.ActiveCfg = Release|Any CPU
		{CFD9CD45-82ED-4620-A346-BB5B89DC9755}.Release|Any CPU.Build.0 = Release|Any CPU
		{74C5C066-D373-4B6B-B8A7-62A762F352AB}.Debug|Any CPU.ActiveCfg = Debug|Any CPU
		{74C5C066-D373-4B6B-B8A7-62A762F352AB}.Debug|Any CPU.Build.0 = Debug|Any CPU
		{74C5C066-D373-4B6B-B8A7-62A762F352AB}.Release|Any CPU.ActiveCfg = Release|Any CPU
		{74C5C066-D373-4B6B-B8A7-62A762F352AB}.Release|Any CPU.Build.0 = Release|Any CPU
		{635550A3-8CFD-4BCF-A32B-31CCFF53B606}.Debug|Any CPU.ActiveCfg = Debug|Any CPU
		{635550A3-8CFD-4BCF-A32B-31CCFF53B606}.Debug|Any CPU.Build.0 = Debug|Any CPU
		{635550A3-8CFD-4BCF-A32B-31CCFF53B606}.Release|Any CPU.ActiveCfg = Release|Any CPU
		{635550A3-8CFD-4BCF-A32B-31CCFF53B606}.Release|Any CPU.Build.0 = Release|Any CPU
		{B191DC03-DB1E-49B7-843D-A1851E3BDBBA}.Debug|Any CPU.ActiveCfg = Debug|Any CPU
		{B191DC03-DB1E-49B7-843D-A1851E3BDBBA}.Debug|Any CPU.Build.0 = Debug|Any CPU
		{B191DC03-DB1E-49B7-843D-A1851E3BDBBA}.Release|Any CPU.ActiveCfg = Release|Any CPU
		{B191DC03-DB1E-49B7-843D-A1851E3BDBBA}.Release|Any CPU.Build.0 = Release|Any CPU
		{F7236F3D-69D4-4D2A-A5C2-3BE6FC39858C}.Debug|Any CPU.ActiveCfg = Debug|Any CPU
		{F7236F3D-69D4-4D2A-A5C2-3BE6FC39858C}.Debug|Any CPU.Build.0 = Debug|Any CPU
		{F7236F3D-69D4-4D2A-A5C2-3BE6FC39858C}.Release|Any CPU.ActiveCfg = Release|Any CPU
		{F7236F3D-69D4-4D2A-A5C2-3BE6FC39858C}.Release|Any CPU.Build.0 = Release|Any CPU
		{35E7CE0A-8066-460A-8014-6462D3ADC347}.Debug|Any CPU.ActiveCfg = Debug|Any CPU
		{35E7CE0A-8066-460A-8014-6462D3ADC347}.Debug|Any CPU.Build.0 = Debug|Any CPU
		{35E7CE0A-8066-460A-8014-6462D3ADC347}.Release|Any CPU.ActiveCfg = Release|Any CPU
		{35E7CE0A-8066-460A-8014-6462D3ADC347}.Release|Any CPU.Build.0 = Release|Any CPU
		{4C0E9D1C-4344-4B94-81D7-4D4FE5FF833A}.Debug|Any CPU.ActiveCfg = Debug|Any CPU
		{4C0E9D1C-4344-4B94-81D7-4D4FE5FF833A}.Debug|Any CPU.Build.0 = Debug|Any CPU
		{4C0E9D1C-4344-4B94-81D7-4D4FE5FF833A}.Release|Any CPU.ActiveCfg = Release|Any CPU
		{4C0E9D1C-4344-4B94-81D7-4D4FE5FF833A}.Release|Any CPU.Build.0 = Release|Any CPU
		{0A315163-73E2-4071-916C-3680551E4231}.Debug|Any CPU.ActiveCfg = Debug|Any CPU
		{0A315163-73E2-4071-916C-3680551E4231}.Debug|Any CPU.Build.0 = Debug|Any CPU
		{0A315163-73E2-4071-916C-3680551E4231}.Release|Any CPU.ActiveCfg = Release|Any CPU
		{0A315163-73E2-4071-916C-3680551E4231}.Release|Any CPU.Build.0 = Release|Any CPU
		{C511C5EF-C96A-4CAA-98B2-CAAFB5EEEF9D}.Debug|Any CPU.ActiveCfg = Debug|Any CPU
		{C511C5EF-C96A-4CAA-98B2-CAAFB5EEEF9D}.Debug|Any CPU.Build.0 = Debug|Any CPU
		{C511C5EF-C96A-4CAA-98B2-CAAFB5EEEF9D}.Release|Any CPU.ActiveCfg = Release|Any CPU
		{C511C5EF-C96A-4CAA-98B2-CAAFB5EEEF9D}.Release|Any CPU.Build.0 = Release|Any CPU
		{3FA74260-79EC-46D2-9DAB-BC77D124E7B0}.Debug|Any CPU.ActiveCfg = Debug|Any CPU
		{3FA74260-79EC-46D2-9DAB-BC77D124E7B0}.Debug|Any CPU.Build.0 = Debug|Any CPU
		{3FA74260-79EC-46D2-9DAB-BC77D124E7B0}.Release|Any CPU.ActiveCfg = Release|Any CPU
		{3FA74260-79EC-46D2-9DAB-BC77D124E7B0}.Release|Any CPU.Build.0 = Release|Any CPU
	EndGlobalSection
	GlobalSection(SolutionProperties) = preSolution
		HideSolutionNode = FALSE
	EndGlobalSection
	GlobalSection(NestedProjects) = preSolution
		{63C5D570-3FC6-4C6D-8199-58A7B83643B4} = {04090F6E-F492-4923-9A5C-661ED9A087F1}
		{F0F18071-52F7-47AE-8FFA-935AC8B078A5} = {04090F6E-F492-4923-9A5C-661ED9A087F1}
		{402B3EA8-1924-4688-8036-F8C97EF156F7} = {04090F6E-F492-4923-9A5C-661ED9A087F1}
		{1DCE0288-9F5F-4BBD-BF28-EB8E5C5066C7} = {04090F6E-F492-4923-9A5C-661ED9A087F1}
		{2B5C67E3-CA79-4437-BAEC-98FFCEA8CE5F} = {04090F6E-F492-4923-9A5C-661ED9A087F1}
		{0B3E9A78-FF7C-49DD-9616-5CB8ACBE83E3} = {2B5C67E3-CA79-4437-BAEC-98FFCEA8CE5F}
		{7D2C8E2D-A619-441E-8D44-188B5F965C8C} = {402B3EA8-1924-4688-8036-F8C97EF156F7}
		{0B26B5E4-CE4D-496E-9923-C28635A1349D} = {F0F18071-52F7-47AE-8FFA-935AC8B078A5}
		{E50C3016-7E7F-45F5-A4A1-52B247AC12DF} = {63C5D570-3FC6-4C6D-8199-58A7B83643B4}
		{6B61088B-F421-4E4B-A5E5-9B2161053BC8} = {1DCE0288-9F5F-4BBD-BF28-EB8E5C5066C7}
		{CFD9CD45-82ED-4620-A346-BB5B89DC9755} = {1DCE0288-9F5F-4BBD-BF28-EB8E5C5066C7}
		{74C5C066-D373-4B6B-B8A7-62A762F352AB} = {F0F18071-52F7-47AE-8FFA-935AC8B078A5}
		{635550A3-8CFD-4BCF-A32B-31CCFF53B606} = {F0F18071-52F7-47AE-8FFA-935AC8B078A5}
		{B191DC03-DB1E-49B7-843D-A1851E3BDBBA} = {1DCE0288-9F5F-4BBD-BF28-EB8E5C5066C7}
		{F7236F3D-69D4-4D2A-A5C2-3BE6FC39858C} = {63C5D570-3FC6-4C6D-8199-58A7B83643B4}
		{7CFACE0E-5F95-481B-8E99-F368390025EE} = {04090F6E-F492-4923-9A5C-661ED9A087F1}
		{35E7CE0A-8066-460A-8014-6462D3ADC347} = {7CFACE0E-5F95-481B-8E99-F368390025EE}
		{4C0E9D1C-4344-4B94-81D7-4D4FE5FF833A} = {7CFACE0E-5F95-481B-8E99-F368390025EE}
		{0A315163-73E2-4071-916C-3680551E4231} = {7CFACE0E-5F95-481B-8E99-F368390025EE}
		{C511C5EF-C96A-4CAA-98B2-CAAFB5EEEF9D} = {7CFACE0E-5F95-481B-8E99-F368390025EE}
		{3FA74260-79EC-46D2-9DAB-BC77D124E7B0} = {7CFACE0E-5F95-481B-8E99-F368390025EE}
	EndGlobalSection
	GlobalSection(ExtensibilityGlobals) = postSolution
		SolutionGuid = {37087A66-CA43-4D78-A994-11991A5E2170}
	EndGlobalSection
EndGlobal
